
Microsoft Visual Studio Solution File, Format Version 12.00
# Visual Studio Version 16
VisualStudioVersion = 16.0.32106.194
MinimumVisualStudioVersion = 10.0.40219.1
Project("{FAE04EC0-301F-11D3-BF4B-00C04F79EFBC}") = "OutlookAddIn", "OutlookAddIn\OutlookAddIn.csproj", "{2599EE19-0FBD-47F7-A3D6-C917D63437A6}"
EndProject
Global
	GlobalSection(SolutionConfigurationPlatforms) = preSolution
		Debug|Any CPU = Debug|Any CPU
		Release|Any CPU = Release|Any CPU
	EndGlobalSection
	GlobalSection(ProjectConfigurationPlatforms) = postSolution
		{2599EE19-0FBD-47F7-A3D6-C917D63437A6}.Debug|Any CPU.ActiveCfg = Debug|Any CPU
		{2599EE19-0FBD-47F7-A3D6-C917D63437A6}.Debug|Any CPU.Build.0 = Debug|Any CPU
		{2599EE19-0FBD-47F7-A3D6-C917D63437A6}.Release|Any CPU.ActiveCfg = Release|Any CPU
		{2599EE19-0FBD-47F7-A3D6-C917D63437A6}.Release|Any CPU.Build.0 = Release|Any CPU
	EndGlobalSection
	GlobalSection(SolutionProperties) = preSolution
		HideSolutionNode = FALSE
	EndGlobalSection
	GlobalSection(ExtensibilityGlobals) = postSolution
		SolutionGuid = {87683424-752C-4B2C-87C8-C63887DC962D}
	EndGlobalSection
EndGlobal
